// !$*UTF8*$!
{
	archiveVersion = 1;
	classes = {
	};
	objectVersion = 48;
	objects = {

/* Begin PBXBuildFile section */
		C4F438C81FE0082A00B76CF1 /* RNHourFormat.m in Sources */ = {isa = PBXBuildFile; fileRef = C4F438C71FE0082A00B76CF1 /* RNHourFormat.m */; };
		C4F438C91FE0082A00B76CF1 /* RNHourFormat.h in CopyFiles */ = {isa = PBXBuildFile; fileRef = C4F438C61FE0082A00B76CF1 /* RNHourFormat.h */; };
/* End PBXBuildFile section */

/* Begin PBXCopyFilesBuildPhase section */
		C4F438C11FE0082900B76CF1 /* CopyFiles */ = {
			isa = PBXCopyFilesBuildPhase;
			buildActionMask = 2147483647;
			dstPath = "include/$(PRODUCT_NAME)";
			dstSubfolderSpec = 16;
			files = (
				C4F438C91FE0082A00B76CF1 /* RNHourFormat.h in CopyFiles */,
			);
			runOnlyForDeploymentPostprocessing = 0;
		};
/* End PBXCopyFilesBuildPhase section */

/* Begin PBXFileReference section */
		C4F438C31FE0082A00B76CF1 /* libRNHourFormat.a */ = {isa = PBXFileReference; explicitFileType = archive.ar; includeInIndex = 0; path = libRNHourFormat.a; sourceTree = BUILT_PRODUCTS_DIR; };
		C4F438C61FE0082A00B76CF1 /* RNHourFormat.h */ = {isa = PBXFileReference; lastKnownFileType = sourcecode.c.h; path = RNHourFormat.h; sourceTree = "<group>"; };
		C4F438C71FE0082A00B76CF1 /* RNHourFormat.m */ = {isa = PBXFileReference; lastKnownFileType = sourcecode.c.objc; path = RNHourFormat.m; sourceTree = "<group>"; };
/* End PBXFileReference section */

/* Begin PBXFrameworksBuildPhase section */
		C4F438C01FE0082900B76CF1 /* Frameworks */ = {
			isa = PBXFrameworksBuildPhase;
			buildActionMask = 2147483647;
			files = (
			);
			runOnlyForDeploymentPostprocessing = 0;
		};
/* End PBXFrameworksBuildPhase section */

/* Begin PBXGroup section */
		C4F438BA1FE0082900B76CF1 = {
			isa = PBXGroup;
			children = (
				C4F438C51FE0082A00B76CF1 /* RNHourFormat */,
				C4F438C41FE0082A00B76CF1 /* Products */,
			);
			sourceTree = "<group>";
		};
		C4F438C41FE0082A00B76CF1 /* Products */ = {
			isa = PBXGroup;
			children = (
				C4F438C31FE0082A00B76CF1 /* libRNHourFormat.a */,
			);
			name = Products;
			sourceTree = "<group>";
		};
		C4F438C51FE0082A00B76CF1 /* RNHourFormat */ = {
			isa = PBXGroup;
			children = (
				C4F438C61FE0082A00B76CF1 /* RNHourFormat.h */,
				C4F438C71FE0082A00B76CF1 /* RNHourFormat.m */,
			);
			path = RNHourFormat;
			sourceTree = "<group>";
		};
/* End PBXGroup section */

/* Begin PBXNativeTarget section */
		C4F438C21FE0082900B76CF1 /* RNHourFormat */ = {
			isa = PBXNativeTarget;
			buildConfigurationList = C4F438CC1FE0082A00B76CF1 /* Build configuration list for PBXNativeTarget "RNHourFormat" */;
			buildPhases = (
				C4F438BF1FE0082900B76CF1 /* Sources */,
				C4F438C01FE0082900B76CF1 /* Frameworks */,
				C4F438C11FE0082900B76CF1 /* CopyFiles */,
			);
			buildRules = (
			);
			dependencies = (
			);
			name = RNHourFormat;
			productName = RNHourFormat;
			productReference = C4F438C31FE0082A00B76CF1 /* libRNHourFormat.a */;
			productType = "com.apple.product-type.library.static";
		};
/* End PBXNativeTarget section */

/* Begin PBXProject section */
		C4F438BB1FE0082900B76CF1 /* Project object */ = {
			isa = PBXProject;
			attributes = {
				LastUpgradeCheck = 0910;
				ORGANIZATIONNAME = "Miron Pawlik";
				TargetAttributes = {
					C4F438C21FE0082900B76CF1 = {
						CreatedOnToolsVersion = 9.1;
						ProvisioningStyle = Automatic;
					};
				};
			};
			buildConfigurationList = C4F438BE1FE0082900B76CF1 /* Build configuration list for PBXProject "RNHourFormat" */;
			compatibilityVersion = "Xcode 8.0";
			developmentRegion = en;
			hasScannedForEncodings = 0;
			knownRegions = (
				en,
			);
			mainGroup = C4F438BA1FE0082900B76CF1;
			productRefGroup = C4F438C41FE0082A00B76CF1 /* Products */;
			projectDirPath = "";
			projectRoot = "";
			targets = (
				C4F438C21FE0082900B76CF1 /* RNHourFormat */,
			);
		};
/* End PBXProject section */

/* Begin PBXSourcesBuildPhase section */
		C4F438BF1FE0082900B76CF1 /* Sources */ = {
			isa = PBXSourcesBuildPhase;
			buildActionMask = 2147483647;
			files = (
				C4F438C81FE0082A00B76CF1 /* RNHourFormat.m in Sources */,
			);
			runOnlyForDeploymentPostprocessing = 0;
		};
/* End PBXSourcesBuildPhase section */

/* Begin XCBuildConfiguration section */
		C4F438CA1FE0082A00B76CF1 /* Debug */ = {
			isa = XCBuildConfiguration;
			buildSettings = {
				ALWAYS_SEARCH_USER_PATHS = NO;
				CLANG_ANALYZER_NONNULL = YES;
				CLANG_ANALYZER_NUMBER_OBJECT_CONVERSION = YES_AGGRESSIVE;
				CLANG_CXX_LANGUAGE_STANDARD = "gnu++14";
				CLANG_CXX_LIBRARY = "libc++";
				CLANG_ENABLE_MODULES = YES;
				CLANG_ENABLE_OBJC_ARC = YES;
				CLANG_WARN_BLOCK_CAPTURE_AUTORELEASING = YES;
				CLANG_WARN_BOOL_CONVERSION = YES;
				CLANG_WARN_COMMA = YES;
				CLANG_WARN_CONSTANT_CONVERSION = YES;
				CLANG_WARN_DIRECT_OBJC_ISA_USAGE = YES_ERROR;
				CLANG_WARN_DOCUMENTATION_COMMENTS = YES;
				CLANG_WARN_EMPTY_BODY = YES;
				CLANG_WARN_ENUM_CONVERSION = YES;
				CLANG_WARN_INFINITE_RECURSION = YES;
				CLANG_WARN_INT_CONVERSION = YES;
				CLANG_WARN_NON_LITERAL_NULL_CONVERSION = YES;
				CLANG_WARN_OBJC_LITERAL_CONVERSION = YES;
				CLANG_WARN_OBJC_ROOT_CLASS = YES_ERROR;
				CLANG_WARN_RANGE_LOOP_ANALYSIS = YES;
				CLANG_WARN_STRICT_PROTOTYPES = YES;
				CLANG_WARN_SUSPICIOUS_MOVE = YES;
				CLANG_WARN_UNGUARDED_AVAILABILITY = YES_AGGRESSIVE;
				CLANG_WARN_UNREACHABLE_CODE = YES;
				CLANG_WARN__DUPLICATE_METHOD_MATCH = YES;
				CODE_SIGN_IDENTITY = "iPhone Developer";
				COPY_PHASE_STRIP = NO;
				DEBUG_INFORMATION_FORMAT = dwarf;
				ENABLE_STRICT_OBJC_MSGSEND = YES;
				ENABLE_TESTABILITY = YES;
				GCC_C_LANGUAGE_STANDARD = gnu11;
				GCC_DYNAMIC_NO_PIC = NO;
				GCC_NO_COMMON_BLOCKS = YES;
				GCC_OPTIMIZATION_LEVEL = 0;
				GCC_PREPROCESSOR_DEFINITIONS = (
					"DEBUG=1",
					"$(inherited)",
				);
				GCC_WARN_64_TO_32_BIT_CONVERSION = YES;
				GCC_WARN_ABOUT_RETURN_TYPE = YES_ERROR;
				GCC_WARN_UNDECLARED_SELECTOR = YES;
				GCC_WARN_UNINITIALIZED_AUTOS = YES_AGGRESSIVE;
				GCC_WARN_UNUSED_FUNCTION = YES;
				GCC_WARN_UNUSED_VARIABLE = YES;
				IPHONEOS_DEPLOYMENT_TARGET = 11.1;
				MTL_ENABLE_DEBUG_INFO = YES;
				ONLY_ACTIVE_ARCH = YES;
				SDKROOT = iphoneos;
			};
			name = Debug;
		};
		C4F438CB1FE0082A00B76CF1 /* Release */ = {
			isa = XCBuildConfiguration;
			buildSettings = {
				ALWAYS_SEARCH_USER_PATHS = NO;
				CLANG_ANALYZER_NONNULL = YES;
				CLANG_ANALYZER_NUMBER_OBJECT_CONVERSION = YES_AGGRESSIVE;
				CLANG_CXX_LANGUAGE_STANDARD = "gnu++14";
				CLANG_CXX_LIBRARY = "libc++";
				CLANG_ENABLE_MODULES = YES;
				CLANG_ENABLE_OBJC_ARC = YES;
				CLANG_WARN_BLOCK_CAPTURE_AUTORELEASING = YES;
				CLANG_WARN_BOOL_CONVERSION = YES;
				CLANG_WARN_COMMA = YES;
				CLANG_WARN_CONSTANT_CONVERSION = YES;
				CLANG_WARN_DIRECT_OBJC_ISA_USAGE = YES_ERROR;
				CLANG_WARN_DOCUMENTATION_COMMENTS = YES;
				CLANG_WARN_EMPTY_BODY = YES;
				CLANG_WARN_ENUM_CONVERSION = YES;
				CLANG_WARN_INFINITE_RECURSION = YES;
				CLANG_WARN_INT_CONVERSION = YES;
				CLANG_WARN_NON_LITERAL_NULL_CONVERSION = YES;
				CLANG_WARN_OBJC_LITERAL_CONVERSION = YES;
				CLANG_WARN_OBJC_ROOT_CLASS = YES_ERROR;
				CLANG_WARN_RANGE_LOOP_ANALYSIS = YES;
				CLANG_WARN_STRICT_PROTOTYPES = YES;
				CLANG_WARN_SUSPICIOUS_MOVE = YES;
				CLANG_WARN_UNGUARDED_AVAILABILITY = YES_AGGRESSIVE;
				CLANG_WARN_UNREACHABLE_CODE = YES;
				CLANG_WARN__DUPLICATE_METHOD_MATCH = YES;
				CODE_SIGN_IDENTITY = "iPhone Developer";
				COPY_PHASE_STRIP = NO;
				DEBUG_INFORMATION_FORMAT = "dwarf-with-dsym";
				ENABLE_NS_ASSERTIONS = NO;
				ENABLE_STRICT_OBJC_MSGSEND = YES;
				GCC_C_LANGUAGE_STANDARD = gnu11;
				GCC_NO_COMMON_BLOCKS = YES;
				GCC_WARN_64_TO_32_BIT_CONVERSION = YES;
				GCC_WARN_ABOUT_RETURN_TYPE = YES_ERROR;
				GCC_WARN_UNDECLARED_SELECTOR = YES;
				GCC_WARN_UNINITIALIZED_AUTOS = YES_AGGRESSIVE;
				GCC_WARN_UNUSED_FUNCTION = YES;
				GCC_WARN_UNUSED_VARIABLE = YES;
				IPHONEOS_DEPLOYMENT_TARGET = 11.1;
				MTL_ENABLE_DEBUG_INFO = NO;
				SDKROOT = iphoneos;
				VALIDATE_PRODUCT = YES;
			};
			name = Release;
		};
		C4F438CD1FE0082A00B76CF1 /* Debug */ = {
			isa = XCBuildConfiguration;
			buildSettings = {
				CODE_SIGN_STYLE = Automatic;
				DEVELOPMENT_TEAM = XLZKCVXA66;
				HEADER_SEARCH_PATHS = (
					"$(SRCROOT)/../../../react-native/React/**",
					"$(SRCROOT)/../../react-native/React/**",
					"$(SRCROOT)/../../react-native/Libraries",
				);
				OTHER_LDFLAGS = "-ObjC";
				PRODUCT_NAME = "$(TARGET_NAME)";
				SKIP_INSTALL = YES;
				TARGETED_DEVICE_FAMILY = "1,2";
			};
			name = Debug;
		};
		C4F438CE1FE0082A00B76CF1 /* Release */ = {
			isa = XCBuildConfiguration;
			buildSettings = {
				CODE_SIGN_STYLE = Automatic;
				DEVELOPMENT_TEAM = XLZKCVXA66;
				HEADER_SEARCH_PATHS = (
					"$(SRCROOT)/../../../react-native/React/**",
					"$(SRCROOT)/../../react-native/React/**",
					"$(SRCROOT)/../../react-native/Libraries",
				);
				OTHER_LDFLAGS = "-ObjC";
				PRODUCT_NAME = "$(TARGET_NAME)";
				SKIP_INSTALL = YES;
				TARGETED_DEVICE_FAMILY = "1,2";
			};
			name = Release;
		};
/* End XCBuildConfiguration section */

/* Begin XCConfigurationList section */
		C4F438BE1FE0082900B76CF1 /* Build configuration list for PBXProject "RNHourFormat" */ = {
			isa = XCConfigurationList;
			buildConfigurations = (
				C4F438CA1FE0082A00B76CF1 /* Debug */,
				C4F438CB1FE0082A00B76CF1 /* Release */,
			);
			defaultConfigurationIsVisible = 0;
			defaultConfigurationName = Release;
		};
		C4F438CC1FE0082A00B76CF1 /* Build configuration list for PBXNativeTarget "RNHourFormat" */ = {
			isa = XCConfigurationList;
			buildConfigurations = (
				C4F438CD1FE0082A00B76CF1 /* Debug */,
				C4F438CE1FE0082A00B76CF1 /* Release */,
			);
			defaultConfigurationIsVisible = 0;
			defaultConfigurationName = Release;
		};
/* End XCConfigurationList section */
	};
	rootObject = C4F438BB1FE0082900B76CF1 /* Project object */;
}
